
Microsoft Visual Studio Solution File, Format Version 12.00
# Visual Studio Version 17
VisualStudioVersion = 17.0.31903.59
MinimumVisualStudioVersion = 10.0.40219.1
Project("{2150E333-8FDC-42A3-9474-1A3956D46DE8}") = "src", "src", "{B14BA32A-6E7D-4230-AC7F-CAEB07E0834E}"
EndProject
Project("{FAE04EC0-301F-11D3-BF4B-00C04F79EFBC}") = "Healthcare.Api", "src\Healthcare.Api\Healthcare.Api.csproj", "{3766FB5F-6BBE-460B-81EF-D7D51D3FFF47}"
EndProject
Project("{2150E333-8FDC-42A3-9474-1A3956D46DE8}") = "tests", "tests", "{29E6EC0E-2E6D-4BB9-883B-4C85F634CB47}"
EndProject
Project("{FAE04EC0-301F-11D3-BF4B-00C04F79EFBC}") = "Healthcare.Api.Tests", "tests\Healthcare.Api.Tests\Healthcare.Api.Tests.csproj", "{5DF976C7-DBD9-41A2-925A-CB5B73B842AE}"
EndProject
Global
	GlobalSection(SolutionConfigurationPlatforms) = preSolution
		Debug|Any CPU = Debug|Any CPU
		Release|Any CPU = Release|Any CPU
	EndGlobalSection
	GlobalSection(SolutionProperties) = preSolution
		HideSolutionNode = FALSE
	EndGlobalSection
	GlobalSection(ProjectConfigurationPlatforms) = postSolution
		{3766FB5F-6BBE-460B-81EF-D7D51D3FFF47}.Debug|Any CPU.ActiveCfg = Debug|Any CPU
		{3766FB5F-6BBE-460B-81EF-D7D51D3FFF47}.Debug|Any CPU.Build.0 = Debug|Any CPU
		{3766FB5F-6BBE-460B-81EF-D7D51D3FFF47}.Release|Any CPU.ActiveCfg = Release|Any CPU
		{3766FB5F-6BBE-460B-81EF-D7D51D3FFF47}.Release|Any CPU.Build.0 = Release|Any CPU
		{5DF976C7-DBD9-41A2-925A-CB5B73B842AE}.Debug|Any CPU.ActiveCfg = Debug|Any CPU
		{5DF976C7-DBD9-41A2-925A-CB5B73B842AE}.Debug|Any CPU.Build.0 = Debug|Any CPU
		{5DF976C7-DBD9-41A2-925A-CB5B73B842AE}.Release|Any CPU.ActiveCfg = Release|Any CPU
		{5DF976C7-DBD9-41A2-925A-CB5B73B842AE}.Release|Any CPU.Build.0 = Release|Any CPU
	EndGlobalSection
	GlobalSection(NestedProjects) = preSolution
		{3766FB5F-6BBE-460B-81EF-D7D51D3FFF47} = {B14BA32A-6E7D-4230-AC7F-CAEB07E0834E}
		{5DF976C7-DBD9-41A2-925A-CB5B73B842AE} = {29E6EC0E-2E6D-4BB9-883B-4C85F634CB47}
	EndGlobalSection
EndGlobal
